# THIS IS AN AUTOGENERATED FILE. DO NOT EDIT THIS FILE DIRECTLY.
# yarn lockfile v1


applescript@1.0.0:
  version "1.0.0"
  resolved "https://registry.yarnpkg.com/applescript/-/applescript-1.0.0.tgz#bb87af568cad034a4e48c4bdaf6067a3a2701317"

argparse@^1.0.7:
  version "1.0.9"
  resolved "https://registry.yarnpkg.com/argparse/-/argparse-1.0.9.tgz#73d83bc263f86e97f8cc4f6bae1b0e90a7d22c86"
  dependencies:
    sprintf-js "~1.0.2"

bindings@~1.2.1:
  version "1.2.1"
  resolved "https://registry.yarnpkg.com/bindings/-/bindings-1.2.1.tgz#14ad6113812d2d37d72e67b4cacb4bb726505f11"

decompress-response@^3.2.0:
  version "3.3.0"
  resolved "https://registry.yarnpkg.com/decompress-response/-/decompress-response-3.3.0.tgz#80a4dd323748384bfa248083622aedec982adff3"
  dependencies:
    mimic-response "^1.0.0"

dedent@0.7.0:
  version "0.7.0"
  resolved "https://registry.yarnpkg.com/dedent/-/dedent-0.7.0.tgz#2495ddbaf6eb874abb0e1be9df22d2e5a544326c"

duplexer3@^0.1.4:
  version "0.1.4"
  resolved "https://registry.yarnpkg.com/duplexer3/-/duplexer3-0.1.4.tgz#ee01dd1cac0ed3cbc7fdbea37dc0a8f1ce002ce2"

esprima@^3.1.1:
  version "3.1.3"
  resolved "https://registry.yarnpkg.com/esprima/-/esprima-3.1.3.tgz#fdca51cee6133895e3c88d535ce49dbff62a4633"

get-stream@^3.0.0:
  version "3.0.0"
  resolved "https://registry.yarnpkg.com/get-stream/-/get-stream-3.0.0.tgz#8e943d1358dc37555054ecbe2edb05aa174ede14"

got@^7.0.0:
  version "7.0.0"
  resolved "https://registry.yarnpkg.com/got/-/got-7.0.0.tgz#82d439f6763cdb1c8821b7a3aae2784c88c3b8d3"
  dependencies:
    decompress-response "^3.2.0"
    duplexer3 "^0.1.4"
    get-stream "^3.0.0"
    is-plain-obj "^1.1.0"
    is-retry-allowed "^1.0.0"
    is-stream "^1.0.0"
    isurl "^1.0.0-alpha5"
    lowercase-keys "^1.0.0"
    p-cancelable "^0.2.0"
    p-timeout "^1.1.1"
    safe-buffer "^5.0.1"
    timed-out "^4.0.0"
    url-parse-lax "^1.0.0"

has-symbol-support-x@^1.2.0:
  version "1.2.0"
  resolved "https://registry.yarnpkg.com/has-symbol-support-x/-/has-symbol-support-x-1.2.0.tgz#e624ead5190c35b34e4e299344dff6437db02ce2"

has-to-string-tag-x@^1.2.0:
  version "1.2.0"
  resolved "https://registry.yarnpkg.com/has-to-string-tag-x/-/has-to-string-tag-x-1.2.0.tgz#c536dc4dbbebe1be9d28f624fd320f793129fd53"
  dependencies:
    has-symbol-support-x "^1.2.0"

is-object@^1.0.1:
  version "1.0.1"
  resolved "https://registry.yarnpkg.com/is-object/-/is-object-1.0.1.tgz#8952688c5ec2ffd6b03ecc85e769e02903083470"

is-plain-obj@^1.1.0:
  version "1.1.0"
  resolved "https://registry.yarnpkg.com/is-plain-obj/-/is-plain-obj-1.1.0.tgz#71a50c8429dfca773c92a390a4a03b39fcd51d3e"

is-retry-allowed@^1.0.0:
  version "1.1.0"
  resolved "https://registry.yarnpkg.com/is-retry-allowed/-/is-retry-allowed-1.1.0.tgz#11a060568b67339444033d0125a61a20d564fb34"

is-stream@^1.0.0:
  version "1.1.0"
  resolved "https://registry.yarnpkg.com/is-stream/-/is-stream-1.1.0.tgz#12d4a3dd4e68e0b79ceb8dbc84173ae80d91ca44"

isurl@^1.0.0-alpha5:
  version "1.0.0"
  resolved "https://registry.yarnpkg.com/isurl/-/isurl-1.0.0.tgz#b27f4f49f3cdaa3ea44a0a5b7f3462e6edc39d67"
  dependencies:
    has-to-string-tag-x "^1.2.0"
    is-object "^1.0.1"

js-yaml@^3.8.4:
  version "3.8.4"
  resolved "https://registry.yarnpkg.com/js-yaml/-/js-yaml-3.8.4.tgz#520b4564f86573ba96662af85a8cafa7b4b5a6f6"
  dependencies:
    argparse "^1.0.7"
    esprima "^3.1.1"

lowercase-keys@^1.0.0:
  version "1.0.0"
  resolved "https://registry.yarnpkg.com/lowercase-keys/-/lowercase-keys-1.0.0.tgz#4e3366b39e7f5457e35f1324bdf6f88d0bfc7306"

marked@0.3.6:
  version "0.3.6"
  resolved "https://registry.yarnpkg.com/marked/-/marked-0.3.6.tgz#b2c6c618fccece4ef86c4fc6cb8a7cbf5aeda8d7"

mimic-response@^1.0.0:
  version "1.0.0"
  resolved "https://registry.yarnpkg.com/mimic-response/-/mimic-response-1.0.0.tgz#df3d3652a73fded6b9b0b24146e6fd052353458e"

moment@2.18.1:
  version "2.18.1"
  resolved "https://registry.yarnpkg.com/moment/-/moment-2.18.1.tgz#c36193dd3ce1c2eed2adb7c802dbbc77a81b1c0f"

nan@~2.3.3:
  version "2.3.5"
  resolved "https://registry.yarnpkg.com/nan/-/nan-2.3.5.tgz#822a0dc266290ce4cd3a12282ca3e7e364668a08"

p-cancelable@^0.2.0:
  version "0.2.0"
  resolved "https://registry.yarnpkg.com/p-cancelable/-/p-cancelable-0.2.0.tgz#3152f4f30be7606b60ebfe8bb93b3fdf69085e46"

p-timeout@^1.1.1:
  version "1.1.1"
  resolved "https://registry.yarnpkg.com/p-timeout/-/p-timeout-1.1.1.tgz#d28e9fdf96e328886fbff078f886ad158c53bf6d"

prepend-http@^1.0.1:
  version "1.0.4"
  resolved "https://registry.yarnpkg.com/prepend-http/-/prepend-http-1.0.4.tgz#d4f4562b0ce3696e41ac52d0e002e57a635dc6dc"

reset-date-cache@^1.0.3:
  version "1.0.3"
  resolved "https://registry.yarnpkg.com/reset-date-cache/-/reset-date-cache-1.0.3.tgz#20ba0b5aeb42bc698f8eaf62ad8d108ff17b6c7c"
  dependencies:
    bindings "~1.2.1"
    nan "~2.3.3"

safe-buffer@^5.0.1:
  version "5.0.1"
  resolved "https://registry.yarnpkg.com/safe-buffer/-/safe-buffer-5.0.1.tgz#d263ca54696cd8a306b5ca6551e92de57918fbe7"

semver@5.3.0:
  version "5.3.0"
  resolved "https://registry.yarnpkg.com/semver/-/semver-5.3.0.tgz#9b2ce5d3de02d17c6012ad326aa6b4d0cf54f94f"

sprintf-js@~1.0.2:
  version "1.0.3"
  resolved "https://registry.yarnpkg.com/sprintf-js/-/sprintf-js-1.0.3.tgz#04e6926f662895354f3dd015203633b857297e2c"

timed-out@^4.0.0:
  version "4.0.1"
  resolved "https://registry.yarnpkg.com/timed-out/-/timed-out-4.0.1.tgz#f32eacac5a175bea25d7fab565ab3ed8741ef56f"

url-parse-lax@^1.0.0:
  version "1.0.0"
  resolved "https://registry.yarnpkg.com/url-parse-lax/-/url-parse-lax-1.0.0.tgz#7af8f303645e9bd79a272e7a14ac68bc0609da73"
  dependencies:
    prepend-http "^1.0.1"
